
Microsoft Visual Studio Solution File, Format Version 12.00
# Visual Studio 15
VisualStudioVersion = 15.0.28010.2050
MinimumVisualStudioVersion = 10.0.40219.1
Project("{9A19103F-16F7-4668-BE54-9A1E7A4F7556}") = "RdlNet2018", "RdlNet2018\RdlNet2018.csproj", "{126E71C8-BE92-44EA-9506-33657F062859}"
EndProject
Project("{9A19103F-16F7-4668-BE54-9A1E7A4F7556}") = "RdlWebUI", "RdlWebUI\RdlWebUI.csproj", "{0137882F-C272-4877-B99C-52F13289323C}"
EndProject
Project("{2150E333-8FDC-42A3-9474-1A3956D46DE8}") = "DBFiles", "DBFiles", "{6A1DFA5A-0769-4BFB-9C06-260203F76C9A}"
	ProjectSection(SolutionItems) = preProject
		RdlNet2018DB\RDL2018-ER-Diagram.png = RdlNet2018DB\RDL2018-ER-Diagram.png
		RdlNet2018DB\RDL2018_DB.sql = RdlNet2018DB\RDL2018_DB.sql
	EndProjectSection
EndProject
Project("{FAE04EC0-301F-11D3-BF4B-00C04F79EFBC}") = "RdlMobUI.Android", "RdlMobUI\RdlMobUI.Android\RdlMobUI.Android.csproj", "{8CAA54A8-307D-4E88-BA70-ECF586C38AA0}"
EndProject
Project("{FAE04EC0-301F-11D3-BF4B-00C04F79EFBC}") = "RdlMobUI.iOS", "RdlMobUI\RdlMobUI.iOS\RdlMobUI.iOS.csproj", "{3BD5DC38-1CE9-4427-A24B-2EFC66672DA5}"
EndProject
Project("{9A19103F-16F7-4668-BE54-9A1E7A4F7556}") = "RdlMobUI", "RdlMobUI\RdlMobUI\RdlMobUI.csproj", "{7299A152-390A-4735-99FE-4141FF1C79A3}"
EndProject
Project("{9A19103F-16F7-4668-BE54-9A1E7A4F7556}") = "RdlNet2018.Common", "RdlNet2018.Common\RdlNet2018.Common.csproj", "{42662088-663D-46B1-B60C-5ED9E1DB9B52}"
EndProject
Project("{9A19103F-16F7-4668-BE54-9A1E7A4F7556}") = "RdlNetReact", "RdlNetReact\RdlNetReact.csproj", "{9BA0274F-6D54-49DB-9CD6-C1B6997D986B}"
EndProject
Project("{A07B5EB6-E848-4116-A8D0-A826331D98C6}") = "RdlNetSvcApp", "RdlNetSvcApp\RdlNetSvcApp.sfproj", "{72668368-7C09-454F-83C8-8FB4A048F4FD}"
EndProject
Project("{9A19103F-16F7-4668-BE54-9A1E7A4F7556}") = "RdlNetSvc", "RdlNetSvc\RdlNetSvc.csproj", "{B35ACB14-5B17-426D-82F3-07A9DFE678AA}"
EndProject
Project("{2150E333-8FDC-42A3-9474-1A3956D46DE8}") = "Testing", "Testing", "{3532D374-B2CA-424D-BE4E-C438367E0596}"
EndProject
Project("{9A19103F-16F7-4668-BE54-9A1E7A4F7556}") = "RdlNet2018.Test", "RdlNet2018.Test\RdlNet2018.Test.csproj", "{78518B13-4B27-4D29-890D-4A981207165E}"
EndProject
Project("{9A19103F-16F7-4668-BE54-9A1E7A4F7556}") = "RdlNetSvc.Test", "RdlNetSvc.Test\RdlNetSvc.Test.csproj", "{8EA0AC3E-8199-490B-9F4E-08605C971732}"
EndProject
Project("{2150E333-8FDC-42A3-9474-1A3956D46DE8}") = "Xamarin", "Xamarin", "{D25AC754-CCB2-4EEB-8D91-99543A6F0518}"
EndProject
Project("{2150E333-8FDC-42A3-9474-1A3956D46DE8}") = "Services", "Services", "{F675FE97-A0F1-4BD9-BBB8-C0BE9A15880F}"
EndProject
Project("{2150E333-8FDC-42A3-9474-1A3956D46DE8}") = "GUI", "GUI", "{667AFFFE-5669-468D-96AF-15C8160E6834}"
EndProject
Project("{2150E333-8FDC-42A3-9474-1A3956D46DE8}") = "Lib", "Lib", "{5C8D102E-C1F0-47B1-AB1B-1D208F45D5C0}"
EndProject
Project("{FAE04EC0-301F-11D3-BF4B-00C04F79EFBC}") = "RdlAngUI", "RdlAngUI\RdlAngUI.csproj", "{BEF5FBBE-2BCD-41D6-B499-557E9BB0FE85}"
EndProject
Global
	GlobalSection(SolutionConfigurationPlatforms) = preSolution
		Ad-Hoc|Any CPU = Ad-Hoc|Any CPU
		Ad-Hoc|iPhone = Ad-Hoc|iPhone
		Ad-Hoc|iPhoneSimulator = Ad-Hoc|iPhoneSimulator
		Ad-Hoc|x64 = Ad-Hoc|x64
		AppStore|Any CPU = AppStore|Any CPU
		AppStore|iPhone = AppStore|iPhone
		AppStore|iPhoneSimulator = AppStore|iPhoneSimulator
		AppStore|x64 = AppStore|x64
		Debug|Any CPU = Debug|Any CPU
		Debug|iPhone = Debug|iPhone
		Debug|iPhoneSimulator = Debug|iPhoneSimulator
		Debug|x64 = Debug|x64
		Release|Any CPU = Release|Any CPU
		Release|iPhone = Release|iPhone
		Release|iPhoneSimulator = Release|iPhoneSimulator
		Release|x64 = Release|x64
	EndGlobalSection
	GlobalSection(ProjectConfigurationPlatforms) = postSolution
		{126E71C8-BE92-44EA-9506-33657F062859}.Ad-Hoc|Any CPU.ActiveCfg = Release|Any CPU
		{126E71C8-BE92-44EA-9506-33657F062859}.Ad-Hoc|Any CPU.Build.0 = Release|Any CPU
		{126E71C8-BE92-44EA-9506-33657F062859}.Ad-Hoc|iPhone.ActiveCfg = Release|Any CPU
		{126E71C8-BE92-44EA-9506-33657F062859}.Ad-Hoc|iPhone.Build.0 = Release|Any CPU
		{126E71C8-BE92-44EA-9506-33657F062859}.Ad-Hoc|iPhoneSimulator.ActiveCfg = Release|Any CPU
		{126E71C8-BE92-44EA-9506-33657F062859}.Ad-Hoc|iPhoneSimulator.Build.0 = Release|Any CPU
		{126E71C8-BE92-44EA-9506-33657F062859}.Ad-Hoc|x64.ActiveCfg = Debug|Any CPU
		{126E71C8-BE92-44EA-9506-33657F062859}.Ad-Hoc|x64.Build.0 = Debug|Any CPU
		{126E71C8-BE92-44EA-9506-33657F062859}.AppStore|Any CPU.ActiveCfg = Release|Any CPU
		{126E71C8-BE92-44EA-9506-33657F062859}.AppStore|Any CPU.Build.0 = Release|Any CPU
		{126E71C8-BE92-44EA-9506-33657F062859}.AppStore|iPhone.ActiveCfg = Release|Any CPU
		{126E71C8-BE92-44EA-9506-33657F062859}.AppStore|iPhone.Build.0 = Release|Any CPU
		{126E71C8-BE92-44EA-9506-33657F062859}.AppStore|iPhoneSimulator.ActiveCfg = Release|Any CPU
		{126E71C8-BE92-44EA-9506-33657F062859}.AppStore|iPhoneSimulator.Build.0 = Release|Any CPU
		{126E71C8-BE92-44EA-9506-33657F062859}.AppStore|x64.ActiveCfg = Debug|Any CPU
		{126E71C8-BE92-44EA-9506-33657F062859}.AppStore|x64.Build.0 = Debug|Any CPU
		{126E71C8-BE92-44EA-9506-33657F062859}.Debug|Any CPU.ActiveCfg = Debug|Any CPU
		{126E71C8-BE92-44EA-9506-33657F062859}.Debug|Any CPU.Build.0 = Debug|Any CPU
		{126E71C8-BE92-44EA-9506-33657F062859}.Debug|iPhone.ActiveCfg = Debug|Any CPU
		{126E71C8-BE92-44EA-9506-33657F062859}.Debug|iPhone.Build.0 = Debug|Any CPU
		{126E71C8-BE92-44EA-9506-33657F062859}.Debug|iPhoneSimulator.ActiveCfg = Debug|Any CPU
		{126E71C8-BE92-44EA-9506-33657F062859}.Debug|iPhoneSimulator.Build.0 = Debug|Any CPU
		{126E71C8-BE92-44EA-9506-33657F062859}.Debug|x64.ActiveCfg = Debug|Any CPU
		{126E71C8-BE92-44EA-9506-33657F062859}.Debug|x64.Build.0 = Debug|Any CPU
		{126E71C8-BE92-44EA-9506-33657F062859}.Release|Any CPU.ActiveCfg = Release|Any CPU
		{126E71C8-BE92-44EA-9506-33657F062859}.Release|Any CPU.Build.0 = Release|Any CPU
		{126E71C8-BE92-44EA-9506-33657F062859}.Release|iPhone.ActiveCfg = Release|Any CPU
		{126E71C8-BE92-44EA-9506-33657F062859}.Release|iPhone.Build.0 = Release|Any CPU
		{126E71C8-BE92-44EA-9506-33657F062859}.Release|iPhoneSimulator.ActiveCfg = Release|Any CPU
		{126E71C8-BE92-44EA-9506-33657F062859}.Release|iPhoneSimulator.Build.0 = Release|Any CPU
		{126E71C8-BE92-44EA-9506-33657F062859}.Release|x64.ActiveCfg = Release|Any CPU
		{126E71C8-BE92-44EA-9506-33657F062859}.Release|x64.Build.0 = Release|Any CPU
		{0137882F-C272-4877-B99C-52F13289323C}.Ad-Hoc|Any CPU.ActiveCfg = Release|Any CPU
		{0137882F-C272-4877-B99C-52F13289323C}.Ad-Hoc|Any CPU.Build.0 = Release|Any CPU
		{0137882F-C272-4877-B99C-52F13289323C}.Ad-Hoc|iPhone.ActiveCfg = Release|Any CPU
		{0137882F-C272-4877-B99C-52F13289323C}.Ad-Hoc|iPhone.Build.0 = Release|Any CPU
		{0137882F-C272-4877-B99C-52F13289323C}.Ad-Hoc|iPhoneSimulator.ActiveCfg = Release|Any CPU
		{0137882F-C272-4877-B99C-52F13289323C}.Ad-Hoc|iPhoneSimulator.Build.0 = Release|Any CPU
		{0137882F-C272-4877-B99C-52F13289323C}.Ad-Hoc|x64.ActiveCfg = Debug|Any CPU
		{0137882F-C272-4877-B99C-52F13289323C}.Ad-Hoc|x64.Build.0 = Debug|Any CPU
		{0137882F-C272-4877-B99C-52F13289323C}.AppStore|Any CPU.ActiveCfg = Release|Any CPU
		{0137882F-C272-4877-B99C-52F13289323C}.AppStore|Any CPU.Build.0 = Release|Any CPU
		{0137882F-C272-4877-B99C-52F13289323C}.AppStore|iPhone.ActiveCfg = Release|Any CPU
		{0137882F-C272-4877-B99C-52F13289323C}.AppStore|iPhone.Build.0 = Release|Any CPU
		{0137882F-C272-4877-B99C-52F13289323C}.AppStore|iPhoneSimulator.ActiveCfg = Release|Any CPU
		{0137882F-C272-4877-B99C-52F13289323C}.AppStore|iPhoneSimulator.Build.0 = Release|Any CPU
		{0137882F-C272-4877-B99C-52F13289323C}.AppStore|x64.ActiveCfg = Debug|Any CPU
		{0137882F-C272-4877-B99C-52F13289323C}.AppStore|x64.Build.0 = Debug|Any CPU
		{0137882F-C272-4877-B99C-52F13289323C}.Debug|Any CPU.ActiveCfg = Debug|Any CPU
		{0137882F-C272-4877-B99C-52F13289323C}.Debug|Any CPU.Build.0 = Debug|Any CPU
		{0137882F-C272-4877-B99C-52F13289323C}.Debug|iPhone.ActiveCfg = Debug|Any CPU
		{0137882F-C272-4877-B99C-52F13289323C}.Debug|iPhone.Build.0 = Debug|Any CPU
		{0137882F-C272-4877-B99C-52F13289323C}.Debug|iPhoneSimulator.ActiveCfg = Debug|Any CPU
		{0137882F-C272-4877-B99C-52F13289323C}.Debug|iPhoneSimulator.Build.0 = Debug|Any CPU
		{0137882F-C272-4877-B99C-52F13289323C}.Debug|x64.ActiveCfg = Debug|Any CPU
		{0137882F-C272-4877-B99C-52F13289323C}.Debug|x64.Build.0 = Debug|Any CPU
		{0137882F-C272-4877-B99C-52F13289323C}.Release|Any CPU.ActiveCfg = Release|Any CPU
		{0137882F-C272-4877-B99C-52F13289323C}.Release|Any CPU.Build.0 = Release|Any CPU
		{0137882F-C272-4877-B99C-52F13289323C}.Release|iPhone.ActiveCfg = Release|Any CPU
		{0137882F-C272-4877-B99C-52F13289323C}.Release|iPhone.Build.0 = Release|Any CPU
		{0137882F-C272-4877-B99C-52F13289323C}.Release|iPhoneSimulator.ActiveCfg = Release|Any CPU
		{0137882F-C272-4877-B99C-52F13289323C}.Release|iPhoneSimulator.Build.0 = Release|Any CPU
		{0137882F-C272-4877-B99C-52F13289323C}.Release|x64.ActiveCfg = Release|Any CPU
		{0137882F-C272-4877-B99C-52F13289323C}.Release|x64.Build.0 = Release|Any CPU
		{8CAA54A8-307D-4E88-BA70-ECF586C38AA0}.Ad-Hoc|Any CPU.ActiveCfg = Release|Any CPU
		{8CAA54A8-307D-4E88-BA70-ECF586C38AA0}.Ad-Hoc|Any CPU.Build.0 = Release|Any CPU
		{8CAA54A8-307D-4E88-BA70-ECF586C38AA0}.Ad-Hoc|Any CPU.Deploy.0 = Release|Any CPU
		{8CAA54A8-307D-4E88-BA70-ECF586C38AA0}.Ad-Hoc|iPhone.ActiveCfg = Release|Any CPU
		{8CAA54A8-307D-4E88-BA70-ECF586C38AA0}.Ad-Hoc|iPhone.Build.0 = Release|Any CPU
		{8CAA54A8-307D-4E88-BA70-ECF586C38AA0}.Ad-Hoc|iPhone.Deploy.0 = Release|Any CPU
		{8CAA54A8-307D-4E88-BA70-ECF586C38AA0}.Ad-Hoc|iPhoneSimulator.ActiveCfg = Release|Any CPU
		{8CAA54A8-307D-4E88-BA70-ECF586C38AA0}.Ad-Hoc|iPhoneSimulator.Build.0 = Release|Any CPU
		{8CAA54A8-307D-4E88-BA70-ECF586C38AA0}.Ad-Hoc|iPhoneSimulator.Deploy.0 = Release|Any CPU
		{8CAA54A8-307D-4E88-BA70-ECF586C38AA0}.Ad-Hoc|x64.ActiveCfg = Debug|Any CPU
		{8CAA54A8-307D-4E88-BA70-ECF586C38AA0}.Ad-Hoc|x64.Build.0 = Debug|Any CPU
		{8CAA54A8-307D-4E88-BA70-ECF586C38AA0}.Ad-Hoc|x64.Deploy.0 = Debug|Any CPU
		{8CAA54A8-307D-4E88-BA70-ECF586C38AA0}.AppStore|Any CPU.ActiveCfg = Release|Any CPU
		{8CAA54A8-307D-4E88-BA70-ECF586C38AA0}.AppStore|Any CPU.Build.0 = Release|Any CPU
		{8CAA54A8-307D-4E88-BA70-ECF586C38AA0}.AppStore|Any CPU.Deploy.0 = Release|Any CPU
		{8CAA54A8-307D-4E88-BA70-ECF586C38AA0}.AppStore|iPhone.ActiveCfg = Release|Any CPU
		{8CAA54A8-307D-4E88-BA70-ECF586C38AA0}.AppStore|iPhone.Build.0 = Release|Any CPU
		{8CAA54A8-307D-4E88-BA70-ECF586C38AA0}.AppStore|iPhone.Deploy.0 = Release|Any CPU
		{8CAA54A8-307D-4E88-BA70-ECF586C38AA0}.AppStore|iPhoneSimulator.ActiveCfg = Release|Any CPU
		{8CAA54A8-307D-4E88-BA70-ECF586C38AA0}.AppStore|iPhoneSimulator.Build.0 = Release|Any CPU
		{8CAA54A8-307D-4E88-BA70-ECF586C38AA0}.AppStore|iPhoneSimulator.Deploy.0 = Release|Any CPU
		{8CAA54A8-307D-4E88-BA70-ECF586C38AA0}.AppStore|x64.ActiveCfg = Debug|Any CPU
		{8CAA54A8-307D-4E88-BA70-ECF586C38AA0}.AppStore|x64.Build.0 = Debug|Any CPU
		{8CAA54A8-307D-4E88-BA70-ECF586C38AA0}.AppStore|x64.Deploy.0 = Debug|Any CPU
		{8CAA54A8-307D-4E88-BA70-ECF586C38AA0}.Debug|Any CPU.ActiveCfg = Debug|Any CPU
		{8CAA54A8-307D-4E88-BA70-ECF586C38AA0}.Debug|Any CPU.Build.0 = Debug|Any CPU
		{8CAA54A8-307D-4E88-BA70-ECF586C38AA0}.Debug|Any CPU.Deploy.0 = Debug|Any CPU
		{8CAA54A8-307D-4E88-BA70-ECF586C38AA0}.Debug|iPhone.ActiveCfg = Debug|Any CPU
		{8CAA54A8-307D-4E88-BA70-ECF586C38AA0}.Debug|iPhone.Build.0 = Debug|Any CPU
		{8CAA54A8-307D-4E88-BA70-ECF586C38AA0}.Debug|iPhone.Deploy.0 = Debug|Any CPU
		{8CAA54A8-307D-4E88-BA70-ECF586C38AA0}.Debug|iPhoneSimulator.ActiveCfg = Debug|Any CPU
		{8CAA54A8-307D-4E88-BA70-ECF586C38AA0}.Debug|iPhoneSimulator.Build.0 = Debug|Any CPU
		{8CAA54A8-307D-4E88-BA70-ECF586C38AA0}.Debug|iPhoneSimulator.Deploy.0 = Debug|Any CPU
		{8CAA54A8-307D-4E88-BA70-ECF586C38AA0}.Debug|x64.ActiveCfg = Debug|Any CPU
		{8CAA54A8-307D-4E88-BA70-ECF586C38AA0}.Debug|x64.Build.0 = Debug|Any CPU
		{8CAA54A8-307D-4E88-BA70-ECF586C38AA0}.Debug|x64.Deploy.0 = Debug|Any CPU
		{8CAA54A8-307D-4E88-BA70-ECF586C38AA0}.Release|Any CPU.ActiveCfg = Release|Any CPU
		{8CAA54A8-307D-4E88-BA70-ECF586C38AA0}.Release|Any CPU.Build.0 = Release|Any CPU
		{8CAA54A8-307D-4E88-BA70-ECF586C38AA0}.Release|Any CPU.Deploy.0 = Release|Any CPU
		{8CAA54A8-307D-4E88-BA70-ECF586C38AA0}.Release|iPhone.ActiveCfg = Release|Any CPU
		{8CAA54A8-307D-4E88-BA70-ECF586C38AA0}.Release|iPhone.Build.0 = Release|Any CPU
		{8CAA54A8-307D-4E88-BA70-ECF586C38AA0}.Release|iPhone.Deploy.0 = Release|Any CPU
		{8CAA54A8-307D-4E88-BA70-ECF586C38AA0}.Release|iPhoneSimulator.ActiveCfg = Release|Any CPU
		{8CAA54A8-307D-4E88-BA70-ECF586C38AA0}.Release|iPhoneSimulator.Build.0 = Release|Any CPU
		{8CAA54A8-307D-4E88-BA70-ECF586C38AA0}.Release|iPhoneSimulator.Deploy.0 = Release|Any CPU
		{8CAA54A8-307D-4E88-BA70-ECF586C38AA0}.Release|x64.ActiveCfg = Release|Any CPU
		{8CAA54A8-307D-4E88-BA70-ECF586C38AA0}.Release|x64.Build.0 = Release|Any CPU
		{8CAA54A8-307D-4E88-BA70-ECF586C38AA0}.Release|x64.Deploy.0 = Release|Any CPU
		{3BD5DC38-1CE9-4427-A24B-2EFC66672DA5}.Ad-Hoc|Any CPU.ActiveCfg = Ad-Hoc|iPhone
		{3BD5DC38-1CE9-4427-A24B-2EFC66672DA5}.Ad-Hoc|iPhone.ActiveCfg = Ad-Hoc|iPhone
		{3BD5DC38-1CE9-4427-A24B-2EFC66672DA5}.Ad-Hoc|iPhone.Build.0 = Ad-Hoc|iPhone
		{3BD5DC38-1CE9-4427-A24B-2EFC66672DA5}.Ad-Hoc|iPhoneSimulator.ActiveCfg = Ad-Hoc|iPhoneSimulator
		{3BD5DC38-1CE9-4427-A24B-2EFC66672DA5}.Ad-Hoc|iPhoneSimulator.Build.0 = Ad-Hoc|iPhoneSimulator
		{3BD5DC38-1CE9-4427-A24B-2EFC66672DA5}.Ad-Hoc|x64.ActiveCfg = Ad-Hoc|iPhoneSimulator
		{3BD5DC38-1CE9-4427-A24B-2EFC66672DA5}.AppStore|Any CPU.ActiveCfg = AppStore|iPhone
		{3BD5DC38-1CE9-4427-A24B-2EFC66672DA5}.AppStore|iPhone.ActiveCfg = AppStore|iPhone
		{3BD5DC38-1CE9-4427-A24B-2EFC66672DA5}.AppStore|iPhone.Build.0 = AppStore|iPhone
		{3BD5DC38-1CE9-4427-A24B-2EFC66672DA5}.AppStore|iPhoneSimulator.ActiveCfg = AppStore|iPhoneSimulator
		{3BD5DC38-1CE9-4427-A24B-2EFC66672DA5}.AppStore|iPhoneSimulator.Build.0 = AppStore|iPhoneSimulator
		{3BD5DC38-1CE9-4427-A24B-2EFC66672DA5}.AppStore|x64.ActiveCfg = AppStore|iPhoneSimulator
		{3BD5DC38-1CE9-4427-A24B-2EFC66672DA5}.Debug|Any CPU.ActiveCfg = Debug|iPhone
		{3BD5DC38-1CE9-4427-A24B-2EFC66672DA5}.Debug|iPhone.ActiveCfg = Debug|iPhone
		{3BD5DC38-1CE9-4427-A24B-2EFC66672DA5}.Debug|iPhone.Build.0 = Debug|iPhone
		{3BD5DC38-1CE9-4427-A24B-2EFC66672DA5}.Debug|iPhoneSimulator.ActiveCfg = Debug|iPhoneSimulator
		{3BD5DC38-1CE9-4427-A24B-2EFC66672DA5}.Debug|iPhoneSimulator.Build.0 = Debug|iPhoneSimulator
		{3BD5DC38-1CE9-4427-A24B-2EFC66672DA5}.Debug|x64.ActiveCfg = Debug|iPhoneSimulator
		{3BD5DC38-1CE9-4427-A24B-2EFC66672DA5}.Release|Any CPU.ActiveCfg = Release|iPhone
		{3BD5DC38-1CE9-4427-A24B-2EFC66672DA5}.Release|iPhone.ActiveCfg = Release|iPhone
		{3BD5DC38-1CE9-4427-A24B-2EFC66672DA5}.Release|iPhone.Build.0 = Release|iPhone
		{3BD5DC38-1CE9-4427-A24B-2EFC66672DA5}.Release|iPhoneSimulator.ActiveCfg = Release|iPhoneSimulator
		{3BD5DC38-1CE9-4427-A24B-2EFC66672DA5}.Release|iPhoneSimulator.Build.0 = Release|iPhoneSimulator
		{3BD5DC38-1CE9-4427-A24B-2EFC66672DA5}.Release|x64.ActiveCfg = Release|iPhoneSimulator
		{7299A152-390A-4735-99FE-4141FF1C79A3}.Ad-Hoc|Any CPU.ActiveCfg = Debug|Any CPU
		{7299A152-390A-4735-99FE-4141FF1C79A3}.Ad-Hoc|Any CPU.Build.0 = Debug|Any CPU
		{7299A152-390A-4735-99FE-4141FF1C79A3}.Ad-Hoc|iPhone.ActiveCfg = Debug|Any CPU
		{7299A152-390A-4735-99FE-4141FF1C79A3}.Ad-Hoc|iPhone.Build.0 = Debug|Any CPU
		{7299A152-390A-4735-99FE-4141FF1C79A3}.Ad-Hoc|iPhoneSimulator.ActiveCfg = Debug|Any CPU
		{7299A152-390A-4735-99FE-4141FF1C79A3}.Ad-Hoc|iPhoneSimulator.Build.0 = Debug|Any CPU
		{7299A152-390A-4735-99FE-4141FF1C79A3}.Ad-Hoc|x64.ActiveCfg = Release|Any CPU
		{7299A152-390A-4735-99FE-4141FF1C79A3}.Ad-Hoc|x64.Build.0 = Release|Any CPU
		{7299A152-390A-4735-99FE-4141FF1C79A3}.AppStore|Any CPU.ActiveCfg = Debug|Any CPU
		{7299A152-390A-4735-99FE-4141FF1C79A3}.AppStore|Any CPU.Build.0 = Debug|Any CPU
		{7299A152-390A-4735-99FE-4141FF1C79A3}.AppStore|iPhone.ActiveCfg = Debug|Any CPU
		{7299A152-390A-4735-99FE-4141FF1C79A3}.AppStore|iPhone.Build.0 = Debug|Any CPU
		{7299A152-390A-4735-99FE-4141FF1C79A3}.AppStore|iPhoneSimulator.ActiveCfg = Debug|Any CPU
		{7299A152-390A-4735-99FE-4141FF1C79A3}.AppStore|iPhoneSimulator.Build.0 = Debug|Any CPU
		{7299A152-390A-4735-99FE-4141FF1C79A3}.AppStore|x64.ActiveCfg = Release|Any CPU
		{7299A152-390A-4735-99FE-4141FF1C79A3}.AppStore|x64.Build.0 = Release|Any CPU
		{7299A152-390A-4735-99FE-4141FF1C79A3}.Debug|Any CPU.ActiveCfg = Debug|Any CPU
		{7299A152-390A-4735-99FE-4141FF1C79A3}.Debug|Any CPU.Build.0 = Debug|Any CPU
		{7299A152-390A-4735-99FE-4141FF1C79A3}.Debug|iPhone.ActiveCfg = Debug|Any CPU
		{7299A152-390A-4735-99FE-4141FF1C79A3}.Debug|iPhone.Build.0 = Debug|Any CPU
		{7299A152-390A-4735-99FE-4141FF1C79A3}.Debug|iPhoneSimulator.ActiveCfg = Debug|Any CPU
		{7299A152-390A-4735-99FE-4141FF1C79A3}.Debug|iPhoneSimulator.Build.0 = Debug|Any CPU
		{7299A152-390A-4735-99FE-4141FF1C79A3}.Debug|x64.ActiveCfg = Debug|Any CPU
		{7299A152-390A-4735-99FE-4141FF1C79A3}.Debug|x64.Build.0 = Debug|Any CPU
		{7299A152-390A-4735-99FE-4141FF1C79A3}.Release|Any CPU.ActiveCfg = Release|Any CPU
		{7299A152-390A-4735-99FE-4141FF1C79A3}.Release|Any CPU.Build.0 = Release|Any CPU
		{7299A152-390A-4735-99FE-4141FF1C79A3}.Release|iPhone.ActiveCfg = Release|Any CPU
		{7299A152-390A-4735-99FE-4141FF1C79A3}.Release|iPhone.Build.0 = Release|Any CPU
		{7299A152-390A-4735-99FE-4141FF1C79A3}.Release|iPhoneSimulator.ActiveCfg = Release|Any CPU
		{7299A152-390A-4735-99FE-4141FF1C79A3}.Release|iPhoneSimulator.Build.0 = Release|Any CPU
		{7299A152-390A-4735-99FE-4141FF1C79A3}.Release|x64.ActiveCfg = Release|Any CPU
		{7299A152-390A-4735-99FE-4141FF1C79A3}.Release|x64.Build.0 = Release|Any CPU
		{42662088-663D-46B1-B60C-5ED9E1DB9B52}.Ad-Hoc|Any CPU.ActiveCfg = Debug|Any CPU
		{42662088-663D-46B1-B60C-5ED9E1DB9B52}.Ad-Hoc|Any CPU.Build.0 = Debug|Any CPU
		{42662088-663D-46B1-B60C-5ED9E1DB9B52}.Ad-Hoc|iPhone.ActiveCfg = Debug|Any CPU
		{42662088-663D-46B1-B60C-5ED9E1DB9B52}.Ad-Hoc|iPhone.Build.0 = Debug|Any CPU
		{42662088-663D-46B1-B60C-5ED9E1DB9B52}.Ad-Hoc|iPhoneSimulator.ActiveCfg = Debug|Any CPU
		{42662088-663D-46B1-B60C-5ED9E1DB9B52}.Ad-Hoc|iPhoneSimulator.Build.0 = Debug|Any CPU
		{42662088-663D-46B1-B60C-5ED9E1DB9B52}.Ad-Hoc|x64.ActiveCfg = Release|Any CPU
		{42662088-663D-46B1-B60C-5ED9E1DB9B52}.Ad-Hoc|x64.Build.0 = Release|Any CPU
		{42662088-663D-46B1-B60C-5ED9E1DB9B52}.AppStore|Any CPU.ActiveCfg = Debug|Any CPU
		{42662088-663D-46B1-B60C-5ED9E1DB9B52}.AppStore|Any CPU.Build.0 = Debug|Any CPU
		{42662088-663D-46B1-B60C-5ED9E1DB9B52}.AppStore|iPhone.ActiveCfg = Debug|Any CPU
		{42662088-663D-46B1-B60C-5ED9E1DB9B52}.AppStore|iPhone.Build.0 = Debug|Any CPU
		{42662088-663D-46B1-B60C-5ED9E1DB9B52}.AppStore|iPhoneSimulator.ActiveCfg = Debug|Any CPU
		{42662088-663D-46B1-B60C-5ED9E1DB9B52}.AppStore|iPhoneSimulator.Build.0 = Debug|Any CPU
		{42662088-663D-46B1-B60C-5ED9E1DB9B52}.AppStore|x64.ActiveCfg = Release|Any CPU
		{42662088-663D-46B1-B60C-5ED9E1DB9B52}.AppStore|x64.Build.0 = Release|Any CPU
		{42662088-663D-46B1-B60C-5ED9E1DB9B52}.Debug|Any CPU.ActiveCfg = Debug|Any CPU
		{42662088-663D-46B1-B60C-5ED9E1DB9B52}.Debug|Any CPU.Build.0 = Debug|Any CPU
		{42662088-663D-46B1-B60C-5ED9E1DB9B52}.Debug|iPhone.ActiveCfg = Debug|Any CPU
		{42662088-663D-46B1-B60C-5ED9E1DB9B52}.Debug|iPhone.Build.0 = Debug|Any CPU
		{42662088-663D-46B1-B60C-5ED9E1DB9B52}.Debug|iPhoneSimulator.ActiveCfg = Debug|Any CPU
		{42662088-663D-46B1-B60C-5ED9E1DB9B52}.Debug|iPhoneSimulator.Build.0 = Debug|Any CPU
		{42662088-663D-46B1-B60C-5ED9E1DB9B52}.Debug|x64.ActiveCfg = Debug|Any CPU
		{42662088-663D-46B1-B60C-5ED9E1DB9B52}.Debug|x64.Build.0 = Debug|Any CPU
		{42662088-663D-46B1-B60C-5ED9E1DB9B52}.Release|Any CPU.ActiveCfg = Release|Any CPU
		{42662088-663D-46B1-B60C-5ED9E1DB9B52}.Release|Any CPU.Build.0 = Release|Any CPU
		{42662088-663D-46B1-B60C-5ED9E1DB9B52}.Release|iPhone.ActiveCfg = Release|Any CPU
		{42662088-663D-46B1-B60C-5ED9E1DB9B52}.Release|iPhone.Build.0 = Release|Any CPU
		{42662088-663D-46B1-B60C-5ED9E1DB9B52}.Release|iPhoneSimulator.ActiveCfg = Release|Any CPU
		{42662088-663D-46B1-B60C-5ED9E1DB9B52}.Release|iPhoneSimulator.Build.0 = Release|Any CPU
		{42662088-663D-46B1-B60C-5ED9E1DB9B52}.Release|x64.ActiveCfg = Release|Any CPU
		{42662088-663D-46B1-B60C-5ED9E1DB9B52}.Release|x64.Build.0 = Release|Any CPU
		{9BA0274F-6D54-49DB-9CD6-C1B6997D986B}.Ad-Hoc|Any CPU.ActiveCfg = Debug|Any CPU
		{9BA0274F-6D54-49DB-9CD6-C1B6997D986B}.Ad-Hoc|Any CPU.Build.0 = Debug|Any CPU
		{9BA0274F-6D54-49DB-9CD6-C1B6997D986B}.Ad-Hoc|iPhone.ActiveCfg = Debug|Any CPU
		{9BA0274F-6D54-49DB-9CD6-C1B6997D986B}.Ad-Hoc|iPhone.Build.0 = Debug|Any CPU
		{9BA0274F-6D54-49DB-9CD6-C1B6997D986B}.Ad-Hoc|iPhoneSimulator.ActiveCfg = Debug|Any CPU
		{9BA0274F-6D54-49DB-9CD6-C1B6997D986B}.Ad-Hoc|iPhoneSimulator.Build.0 = Debug|Any CPU
		{9BA0274F-6D54-49DB-9CD6-C1B6997D986B}.Ad-Hoc|x64.ActiveCfg = Release|Any CPU
		{9BA0274F-6D54-49DB-9CD6-C1B6997D986B}.Ad-Hoc|x64.Build.0 = Release|Any CPU
		{9BA0274F-6D54-49DB-9CD6-C1B6997D986B}.AppStore|Any CPU.ActiveCfg = Debug|Any CPU
		{9BA0274F-6D54-49DB-9CD6-C1B6997D986B}.AppStore|Any CPU.Build.0 = Debug|Any CPU
		{9BA0274F-6D54-49DB-9CD6-C1B6997D986B}.AppStore|iPhone.ActiveCfg = Debug|Any CPU
		{9BA0274F-6D54-49DB-9CD6-C1B6997D986B}.AppStore|iPhone.Build.0 = Debug|Any CPU
		{9BA0274F-6D54-49DB-9CD6-C1B6997D986B}.AppStore|iPhoneSimulator.ActiveCfg = Debug|Any CPU
		{9BA0274F-6D54-49DB-9CD6-C1B6997D986B}.AppStore|iPhoneSimulator.Build.0 = Debug|Any CPU
		{9BA0274F-6D54-49DB-9CD6-C1B6997D986B}.AppStore|x64.ActiveCfg = Release|Any CPU
		{9BA0274F-6D54-49DB-9CD6-C1B6997D986B}.AppStore|x64.Build.0 = Release|Any CPU
		{9BA0274F-6D54-49DB-9CD6-C1B6997D986B}.Debug|Any CPU.ActiveCfg = Debug|Any CPU
		{9BA0274F-6D54-49DB-9CD6-C1B6997D986B}.Debug|Any CPU.Build.0 = Debug|Any CPU
		{9BA0274F-6D54-49DB-9CD6-C1B6997D986B}.Debug|iPhone.ActiveCfg = Debug|Any CPU
		{9BA0274F-6D54-49DB-9CD6-C1B6997D986B}.Debug|iPhone.Build.0 = Debug|Any CPU
		{9BA0274F-6D54-49DB-9CD6-C1B6997D986B}.Debug|iPhoneSimulator.ActiveCfg = Debug|Any CPU
		{9BA0274F-6D54-49DB-9CD6-C1B6997D986B}.Debug|iPhoneSimulator.Build.0 = Debug|Any CPU
		{9BA0274F-6D54-49DB-9CD6-C1B6997D986B}.Debug|x64.ActiveCfg = Debug|Any CPU
		{9BA0274F-6D54-49DB-9CD6-C1B6997D986B}.Debug|x64.Build.0 = Debug|Any CPU
		{9BA0274F-6D54-49DB-9CD6-C1B6997D986B}.Release|Any CPU.ActiveCfg = Release|Any CPU
		{9BA0274F-6D54-49DB-9CD6-C1B6997D986B}.Release|Any CPU.Build.0 = Release|Any CPU
		{9BA0274F-6D54-49DB-9CD6-C1B6997D986B}.Release|iPhone.ActiveCfg = Release|Any CPU
		{9BA0274F-6D54-49DB-9CD6-C1B6997D986B}.Release|iPhone.Build.0 = Release|Any CPU
		{9BA0274F-6D54-49DB-9CD6-C1B6997D986B}.Release|iPhoneSimulator.ActiveCfg = Release|Any CPU
		{9BA0274F-6D54-49DB-9CD6-C1B6997D986B}.Release|iPhoneSimulator.Build.0 = Release|Any CPU
		{9BA0274F-6D54-49DB-9CD6-C1B6997D986B}.Release|x64.ActiveCfg = Release|Any CPU
		{9BA0274F-6D54-49DB-9CD6-C1B6997D986B}.Release|x64.Build.0 = Release|Any CPU
		{72668368-7C09-454F-83C8-8FB4A048F4FD}.Ad-Hoc|Any CPU.ActiveCfg = Release|x64
		{72668368-7C09-454F-83C8-8FB4A048F4FD}.Ad-Hoc|Any CPU.Build.0 = Release|x64
		{72668368-7C09-454F-83C8-8FB4A048F4FD}.Ad-Hoc|Any CPU.Deploy.0 = Release|x64
		{72668368-7C09-454F-83C8-8FB4A048F4FD}.Ad-Hoc|iPhone.ActiveCfg = Release|x64
		{72668368-7C09-454F-83C8-8FB4A048F4FD}.Ad-Hoc|iPhone.Build.0 = Release|x64
		{72668368-7C09-454F-83C8-8FB4A048F4FD}.Ad-Hoc|iPhone.Deploy.0 = Release|x64
		{72668368-7C09-454F-83C8-8FB4A048F4FD}.Ad-Hoc|iPhoneSimulator.ActiveCfg = Release|x64
		{72668368-7C09-454F-83C8-8FB4A048F4FD}.Ad-Hoc|iPhoneSimulator.Build.0 = Release|x64
		{72668368-7C09-454F-83C8-8FB4A048F4FD}.Ad-Hoc|iPhoneSimulator.Deploy.0 = Release|x64
		{72668368-7C09-454F-83C8-8FB4A048F4FD}.Ad-Hoc|x64.ActiveCfg = Release|x64
		{72668368-7C09-454F-83C8-8FB4A048F4FD}.Ad-Hoc|x64.Build.0 = Release|x64
		{72668368-7C09-454F-83C8-8FB4A048F4FD}.Ad-Hoc|x64.Deploy.0 = Release|x64
		{72668368-7C09-454F-83C8-8FB4A048F4FD}.AppStore|Any CPU.ActiveCfg = Release|x64
		{72668368-7C09-454F-83C8-8FB4A048F4FD}.AppStore|Any CPU.Build.0 = Release|x64
		{72668368-7C09-454F-83C8-8FB4A048F4FD}.AppStore|Any CPU.Deploy.0 = Release|x64
		{72668368-7C09-454F-83C8-8FB4A048F4FD}.AppStore|iPhone.ActiveCfg = Release|x64
		{72668368-7C09-454F-83C8-8FB4A048F4FD}.AppStore|iPhone.Build.0 = Release|x64
		{72668368-7C09-454F-83C8-8FB4A048F4FD}.AppStore|iPhone.Deploy.0 = Release|x64
		{72668368-7C09-454F-83C8-8FB4A048F4FD}.AppStore|iPhoneSimulator.ActiveCfg = Release|x64
		{72668368-7C09-454F-83C8-8FB4A048F4FD}.AppStore|iPhoneSimulator.Build.0 = Release|x64
		{72668368-7C09-454F-83C8-8FB4A048F4FD}.AppStore|iPhoneSimulator.Deploy.0 = Release|x64
		{72668368-7C09-454F-83C8-8FB4A048F4FD}.AppStore|x64.ActiveCfg = Release|x64
		{72668368-7C09-454F-83C8-8FB4A048F4FD}.AppStore|x64.Build.0 = Release|x64
		{72668368-7C09-454F-83C8-8FB4A048F4FD}.AppStore|x64.Deploy.0 = Release|x64
		{72668368-7C09-454F-83C8-8FB4A048F4FD}.Debug|Any CPU.ActiveCfg = Debug|Any CPU
		{72668368-7C09-454F-83C8-8FB4A048F4FD}.Debug|iPhone.ActiveCfg = Debug|x64
		{72668368-7C09-454F-83C8-8FB4A048F4FD}.Debug|iPhoneSimulator.ActiveCfg = Debug|x64
		{72668368-7C09-454F-83C8-8FB4A048F4FD}.Debug|x64.ActiveCfg = Debug|x64
		{72668368-7C09-454F-83C8-8FB4A048F4FD}.Debug|x64.Build.0 = Debug|x64
		{72668368-7C09-454F-83C8-8FB4A048F4FD}.Debug|x64.Deploy.0 = Debug|x64
		{72668368-7C09-454F-83C8-8FB4A048F4FD}.Release|Any CPU.ActiveCfg = Release|x64
		{72668368-7C09-454F-83C8-8FB4A048F4FD}.Release|iPhone.ActiveCfg = Release|x64
		{72668368-7C09-454F-83C8-8FB4A048F4FD}.Release|iPhoneSimulator.ActiveCfg = Release|x64
		{72668368-7C09-454F-83C8-8FB4A048F4FD}.Release|x64.ActiveCfg = Release|x64
		{72668368-7C09-454F-83C8-8FB4A048F4FD}.Release|x64.Build.0 = Release|x64
		{72668368-7C09-454F-83C8-8FB4A048F4FD}.Release|x64.Deploy.0 = Release|x64
		{B35ACB14-5B17-426D-82F3-07A9DFE678AA}.Ad-Hoc|Any CPU.ActiveCfg = Debug|Any CPU
		{B35ACB14-5B17-426D-82F3-07A9DFE678AA}.Ad-Hoc|Any CPU.Build.0 = Debug|Any CPU
		{B35ACB14-5B17-426D-82F3-07A9DFE678AA}.Ad-Hoc|iPhone.ActiveCfg = Debug|Any CPU
		{B35ACB14-5B17-426D-82F3-07A9DFE678AA}.Ad-Hoc|iPhone.Build.0 = Debug|Any CPU
		{B35ACB14-5B17-426D-82F3-07A9DFE678AA}.Ad-Hoc|iPhoneSimulator.ActiveCfg = Debug|Any CPU
		{B35ACB14-5B17-426D-82F3-07A9DFE678AA}.Ad-Hoc|iPhoneSimulator.Build.0 = Debug|Any CPU
		{B35ACB14-5B17-426D-82F3-07A9DFE678AA}.Ad-Hoc|x64.ActiveCfg = Debug|Any CPU
		{B35ACB14-5B17-426D-82F3-07A9DFE678AA}.Ad-Hoc|x64.Build.0 = Debug|Any CPU
		{B35ACB14-5B17-426D-82F3-07A9DFE678AA}.AppStore|Any CPU.ActiveCfg = Debug|Any CPU
		{B35ACB14-5B17-426D-82F3-07A9DFE678AA}.AppStore|Any CPU.Build.0 = Debug|Any CPU
		{B35ACB14-5B17-426D-82F3-07A9DFE678AA}.AppStore|iPhone.ActiveCfg = Debug|Any CPU
		{B35ACB14-5B17-426D-82F3-07A9DFE678AA}.AppStore|iPhone.Build.0 = Debug|Any CPU
		{B35ACB14-5B17-426D-82F3-07A9DFE678AA}.AppStore|iPhoneSimulator.ActiveCfg = Debug|Any CPU
		{B35ACB14-5B17-426D-82F3-07A9DFE678AA}.AppStore|iPhoneSimulator.Build.0 = Debug|Any CPU
		{B35ACB14-5B17-426D-82F3-07A9DFE678AA}.AppStore|x64.ActiveCfg = Debug|Any CPU
		{B35ACB14-5B17-426D-82F3-07A9DFE678AA}.AppStore|x64.Build.0 = Debug|Any CPU
		{B35ACB14-5B17-426D-82F3-07A9DFE678AA}.Debug|Any CPU.ActiveCfg = Debug|Any CPU
		{B35ACB14-5B17-426D-82F3-07A9DFE678AA}.Debug|Any CPU.Build.0 = Debug|Any CPU
		{B35ACB14-5B17-426D-82F3-07A9DFE678AA}.Debug|iPhone.ActiveCfg = Debug|Any CPU
		{B35ACB14-5B17-426D-82F3-07A9DFE678AA}.Debug|iPhone.Build.0 = Debug|Any CPU
		{B35ACB14-5B17-426D-82F3-07A9DFE678AA}.Debug|iPhoneSimulator.ActiveCfg = Debug|Any CPU
		{B35ACB14-5B17-426D-82F3-07A9DFE678AA}.Debug|iPhoneSimulator.Build.0 = Debug|Any CPU
		{B35ACB14-5B17-426D-82F3-07A9DFE678AA}.Debug|x64.ActiveCfg = Debug|Any CPU
		{B35ACB14-5B17-426D-82F3-07A9DFE678AA}.Debug|x64.Build.0 = Debug|Any CPU
		{B35ACB14-5B17-426D-82F3-07A9DFE678AA}.Release|Any CPU.ActiveCfg = Release|Any CPU
		{B35ACB14-5B17-426D-82F3-07A9DFE678AA}.Release|Any CPU.Build.0 = Release|Any CPU
		{B35ACB14-5B17-426D-82F3-07A9DFE678AA}.Release|iPhone.ActiveCfg = Release|Any CPU
		{B35ACB14-5B17-426D-82F3-07A9DFE678AA}.Release|iPhone.Build.0 = Release|Any CPU
		{B35ACB14-5B17-426D-82F3-07A9DFE678AA}.Release|iPhoneSimulator.ActiveCfg = Release|Any CPU
		{B35ACB14-5B17-426D-82F3-07A9DFE678AA}.Release|iPhoneSimulator.Build.0 = Release|Any CPU
		{B35ACB14-5B17-426D-82F3-07A9DFE678AA}.Release|x64.ActiveCfg = Release|Any CPU
		{B35ACB14-5B17-426D-82F3-07A9DFE678AA}.Release|x64.Build.0 = Release|Any CPU
		{78518B13-4B27-4D29-890D-4A981207165E}.Ad-Hoc|Any CPU.ActiveCfg = Debug|Any CPU
		{78518B13-4B27-4D29-890D-4A981207165E}.Ad-Hoc|Any CPU.Build.0 = Debug|Any CPU
		{78518B13-4B27-4D29-890D-4A981207165E}.Ad-Hoc|iPhone.ActiveCfg = Debug|Any CPU
		{78518B13-4B27-4D29-890D-4A981207165E}.Ad-Hoc|iPhone.Build.0 = Debug|Any CPU
		{78518B13-4B27-4D29-890D-4A981207165E}.Ad-Hoc|iPhoneSimulator.ActiveCfg = Debug|Any CPU
		{78518B13-4B27-4D29-890D-4A981207165E}.Ad-Hoc|iPhoneSimulator.Build.0 = Debug|Any CPU
		{78518B13-4B27-4D29-890D-4A981207165E}.Ad-Hoc|x64.ActiveCfg = Debug|Any CPU
		{78518B13-4B27-4D29-890D-4A981207165E}.Ad-Hoc|x64.Build.0 = Debug|Any CPU
		{78518B13-4B27-4D29-890D-4A981207165E}.AppStore|Any CPU.ActiveCfg = Debug|Any CPU
		{78518B13-4B27-4D29-890D-4A981207165E}.AppStore|Any CPU.Build.0 = Debug|Any CPU
		{78518B13-4B27-4D29-890D-4A981207165E}.AppStore|iPhone.ActiveCfg = Debug|Any CPU
		{78518B13-4B27-4D29-890D-4A981207165E}.AppStore|iPhone.Build.0 = Debug|Any CPU
		{78518B13-4B27-4D29-890D-4A981207165E}.AppStore|iPhoneSimulator.ActiveCfg = Debug|Any CPU
		{78518B13-4B27-4D29-890D-4A981207165E}.AppStore|iPhoneSimulator.Build.0 = Debug|Any CPU
		{78518B13-4B27-4D29-890D-4A981207165E}.AppStore|x64.ActiveCfg = Debug|Any CPU
		{78518B13-4B27-4D29-890D-4A981207165E}.AppStore|x64.Build.0 = Debug|Any CPU
		{78518B13-4B27-4D29-890D-4A981207165E}.Debug|Any CPU.ActiveCfg = Debug|Any CPU
		{78518B13-4B27-4D29-890D-4A981207165E}.Debug|Any CPU.Build.0 = Debug|Any CPU
		{78518B13-4B27-4D29-890D-4A981207165E}.Debug|iPhone.ActiveCfg = Debug|Any CPU
		{78518B13-4B27-4D29-890D-4A981207165E}.Debug|iPhone.Build.0 = Debug|Any CPU
		{78518B13-4B27-4D29-890D-4A981207165E}.Debug|iPhoneSimulator.ActiveCfg = Debug|Any CPU
		{78518B13-4B27-4D29-890D-4A981207165E}.Debug|iPhoneSimulator.Build.0 = Debug|Any CPU
		{78518B13-4B27-4D29-890D-4A981207165E}.Debug|x64.ActiveCfg = Debug|Any CPU
		{78518B13-4B27-4D29-890D-4A981207165E}.Debug|x64.Build.0 = Debug|Any CPU
		{78518B13-4B27-4D29-890D-4A981207165E}.Release|Any CPU.ActiveCfg = Release|Any CPU
		{78518B13-4B27-4D29-890D-4A981207165E}.Release|Any CPU.Build.0 = Release|Any CPU
		{78518B13-4B27-4D29-890D-4A981207165E}.Release|iPhone.ActiveCfg = Release|Any CPU
		{78518B13-4B27-4D29-890D-4A981207165E}.Release|iPhone.Build.0 = Release|Any CPU
		{78518B13-4B27-4D29-890D-4A981207165E}.Release|iPhoneSimulator.ActiveCfg = Release|Any CPU
		{78518B13-4B27-4D29-890D-4A981207165E}.Release|iPhoneSimulator.Build.0 = Release|Any CPU
		{78518B13-4B27-4D29-890D-4A981207165E}.Release|x64.ActiveCfg = Release|Any CPU
		{78518B13-4B27-4D29-890D-4A981207165E}.Release|x64.Build.0 = Release|Any CPU
		{8EA0AC3E-8199-490B-9F4E-08605C971732}.Ad-Hoc|Any CPU.ActiveCfg = Debug|Any CPU
		{8EA0AC3E-8199-490B-9F4E-08605C971732}.Ad-Hoc|Any CPU.Build.0 = Debug|Any CPU
		{8EA0AC3E-8199-490B-9F4E-08605C971732}.Ad-Hoc|iPhone.ActiveCfg = Debug|Any CPU
		{8EA0AC3E-8199-490B-9F4E-08605C971732}.Ad-Hoc|iPhone.Build.0 = Debug|Any CPU
		{8EA0AC3E-8199-490B-9F4E-08605C971732}.Ad-Hoc|iPhoneSimulator.ActiveCfg = Debug|Any CPU
		{8EA0AC3E-8199-490B-9F4E-08605C971732}.Ad-Hoc|iPhoneSimulator.Build.0 = Debug|Any CPU
		{8EA0AC3E-8199-490B-9F4E-08605C971732}.Ad-Hoc|x64.ActiveCfg = Debug|Any CPU
		{8EA0AC3E-8199-490B-9F4E-08605C971732}.Ad-Hoc|x64.Build.0 = Debug|Any CPU
		{8EA0AC3E-8199-490B-9F4E-08605C971732}.AppStore|Any CPU.ActiveCfg = Debug|Any CPU
		{8EA0AC3E-8199-490B-9F4E-08605C971732}.AppStore|Any CPU.Build.0 = Debug|Any CPU
		{8EA0AC3E-8199-490B-9F4E-08605C971732}.AppStore|iPhone.ActiveCfg = Debug|Any CPU
		{8EA0AC3E-8199-490B-9F4E-08605C971732}.AppStore|iPhone.Build.0 = Debug|Any CPU
		{8EA0AC3E-8199-490B-9F4E-08605C971732}.AppStore|iPhoneSimulator.ActiveCfg = Debug|Any CPU
		{8EA0AC3E-8199-490B-9F4E-08605C971732}.AppStore|iPhoneSimulator.Build.0 = Debug|Any CPU
		{8EA0AC3E-8199-490B-9F4E-08605C971732}.AppStore|x64.ActiveCfg = Debug|Any CPU
		{8EA0AC3E-8199-490B-9F4E-08605C971732}.AppStore|x64.Build.0 = Debug|Any CPU
		{8EA0AC3E-8199-490B-9F4E-08605C971732}.Debug|Any CPU.ActiveCfg = Debug|Any CPU
		{8EA0AC3E-8199-490B-9F4E-08605C971732}.Debug|Any CPU.Build.0 = Debug|Any CPU
		{8EA0AC3E-8199-490B-9F4E-08605C971732}.Debug|iPhone.ActiveCfg = Debug|Any CPU
		{8EA0AC3E-8199-490B-9F4E-08605C971732}.Debug|iPhone.Build.0 = Debug|Any CPU
		{8EA0AC3E-8199-490B-9F4E-08605C971732}.Debug|iPhoneSimulator.ActiveCfg = Debug|Any CPU
		{8EA0AC3E-8199-490B-9F4E-08605C971732}.Debug|iPhoneSimulator.Build.0 = Debug|Any CPU
		{8EA0AC3E-8199-490B-9F4E-08605C971732}.Debug|x64.ActiveCfg = Debug|x64
		{8EA0AC3E-8199-490B-9F4E-08605C971732}.Debug|x64.Build.0 = Debug|x64
		{8EA0AC3E-8199-490B-9F4E-08605C971732}.Release|Any CPU.ActiveCfg = Release|Any CPU
		{8EA0AC3E-8199-490B-9F4E-08605C971732}.Release|Any CPU.Build.0 = Release|Any CPU
		{8EA0AC3E-8199-490B-9F4E-08605C971732}.Release|iPhone.ActiveCfg = Release|Any CPU
		{8EA0AC3E-8199-490B-9F4E-08605C971732}.Release|iPhone.Build.0 = Release|Any CPU
		{8EA0AC3E-8199-490B-9F4E-08605C971732}.Release|iPhoneSimulator.ActiveCfg = Release|Any CPU
		{8EA0AC3E-8199-490B-9F4E-08605C971732}.Release|iPhoneSimulator.Build.0 = Release|Any CPU
		{8EA0AC3E-8199-490B-9F4E-08605C971732}.Release|x64.ActiveCfg = Release|Any CPU
		{8EA0AC3E-8199-490B-9F4E-08605C971732}.Release|x64.Build.0 = Release|Any CPU
		{BEF5FBBE-2BCD-41D6-B499-557E9BB0FE85}.Ad-Hoc|Any CPU.ActiveCfg = Debug|Any CPU
		{BEF5FBBE-2BCD-41D6-B499-557E9BB0FE85}.Ad-Hoc|Any CPU.Build.0 = Debug|Any CPU
		{BEF5FBBE-2BCD-41D6-B499-557E9BB0FE85}.Ad-Hoc|iPhone.ActiveCfg = Debug|Any CPU
		{BEF5FBBE-2BCD-41D6-B499-557E9BB0FE85}.Ad-Hoc|iPhone.Build.0 = Debug|Any CPU
		{BEF5FBBE-2BCD-41D6-B499-557E9BB0FE85}.Ad-Hoc|iPhoneSimulator.ActiveCfg = Debug|Any CPU
		{BEF5FBBE-2BCD-41D6-B499-557E9BB0FE85}.Ad-Hoc|iPhoneSimulator.Build.0 = Debug|Any CPU
		{BEF5FBBE-2BCD-41D6-B499-557E9BB0FE85}.Ad-Hoc|x64.ActiveCfg = Debug|Any CPU
		{BEF5FBBE-2BCD-41D6-B499-557E9BB0FE85}.Ad-Hoc|x64.Build.0 = Debug|Any CPU
		{BEF5FBBE-2BCD-41D6-B499-557E9BB0FE85}.AppStore|Any CPU.ActiveCfg = Debug|Any CPU
		{BEF5FBBE-2BCD-41D6-B499-557E9BB0FE85}.AppStore|Any CPU.Build.0 = Debug|Any CPU
		{BEF5FBBE-2BCD-41D6-B499-557E9BB0FE85}.AppStore|iPhone.ActiveCfg = Debug|Any CPU
		{BEF5FBBE-2BCD-41D6-B499-557E9BB0FE85}.AppStore|iPhone.Build.0 = Debug|Any CPU
		{BEF5FBBE-2BCD-41D6-B499-557E9BB0FE85}.AppStore|iPhoneSimulator.ActiveCfg = Debug|Any CPU
		{BEF5FBBE-2BCD-41D6-B499-557E9BB0FE85}.AppStore|iPhoneSimulator.Build.0 = Debug|Any CPU
		{BEF5FBBE-2BCD-41D6-B499-557E9BB0FE85}.AppStore|x64.ActiveCfg = Debug|Any CPU
		{BEF5FBBE-2BCD-41D6-B499-557E9BB0FE85}.AppStore|x64.Build.0 = Debug|Any CPU
		{BEF5FBBE-2BCD-41D6-B499-557E9BB0FE85}.Debug|Any CPU.ActiveCfg = Debug|Any CPU
		{BEF5FBBE-2BCD-41D6-B499-557E9BB0FE85}.Debug|Any CPU.Build.0 = Debug|Any CPU
		{BEF5FBBE-2BCD-41D6-B499-557E9BB0FE85}.Debug|iPhone.ActiveCfg = Debug|Any CPU
		{BEF5FBBE-2BCD-41D6-B499-557E9BB0FE85}.Debug|iPhone.Build.0 = Debug|Any CPU
		{BEF5FBBE-2BCD-41D6-B499-557E9BB0FE85}.Debug|iPhoneSimulator.ActiveCfg = Debug|Any CPU
		{BEF5FBBE-2BCD-41D6-B499-557E9BB0FE85}.Debug|iPhoneSimulator.Build.0 = Debug|Any CPU
		{BEF5FBBE-2BCD-41D6-B499-557E9BB0FE85}.Debug|x64.ActiveCfg = Debug|Any CPU
		{BEF5FBBE-2BCD-41D6-B499-557E9BB0FE85}.Debug|x64.Build.0 = Debug|Any CPU
		{BEF5FBBE-2BCD-41D6-B499-557E9BB0FE85}.Release|Any CPU.ActiveCfg = Release|Any CPU
		{BEF5FBBE-2BCD-41D6-B499-557E9BB0FE85}.Release|Any CPU.Build.0 = Release|Any CPU
		{BEF5FBBE-2BCD-41D6-B499-557E9BB0FE85}.Release|iPhone.ActiveCfg = Release|Any CPU
		{BEF5FBBE-2BCD-41D6-B499-557E9BB0FE85}.Release|iPhone.Build.0 = Release|Any CPU
		{BEF5FBBE-2BCD-41D6-B499-557E9BB0FE85}.Release|iPhoneSimulator.ActiveCfg = Release|Any CPU
		{BEF5FBBE-2BCD-41D6-B499-557E9BB0FE85}.Release|iPhoneSimulator.Build.0 = Release|Any CPU
		{BEF5FBBE-2BCD-41D6-B499-557E9BB0FE85}.Release|x64.ActiveCfg = Release|Any CPU
		{BEF5FBBE-2BCD-41D6-B499-557E9BB0FE85}.Release|x64.Build.0 = Release|Any CPU
	EndGlobalSection
	GlobalSection(SolutionProperties) = preSolution
		HideSolutionNode = FALSE
	EndGlobalSection
	GlobalSection(NestedProjects) = preSolution
		{126E71C8-BE92-44EA-9506-33657F062859} = {F675FE97-A0F1-4BD9-BBB8-C0BE9A15880F}
		{0137882F-C272-4877-B99C-52F13289323C} = {667AFFFE-5669-468D-96AF-15C8160E6834}
		{8CAA54A8-307D-4E88-BA70-ECF586C38AA0} = {D25AC754-CCB2-4EEB-8D91-99543A6F0518}
		{3BD5DC38-1CE9-4427-A24B-2EFC66672DA5} = {D25AC754-CCB2-4EEB-8D91-99543A6F0518}
		{7299A152-390A-4735-99FE-4141FF1C79A3} = {D25AC754-CCB2-4EEB-8D91-99543A6F0518}
		{42662088-663D-46B1-B60C-5ED9E1DB9B52} = {5C8D102E-C1F0-47B1-AB1B-1D208F45D5C0}
		{9BA0274F-6D54-49DB-9CD6-C1B6997D986B} = {667AFFFE-5669-468D-96AF-15C8160E6834}
		{72668368-7C09-454F-83C8-8FB4A048F4FD} = {F675FE97-A0F1-4BD9-BBB8-C0BE9A15880F}
		{B35ACB14-5B17-426D-82F3-07A9DFE678AA} = {F675FE97-A0F1-4BD9-BBB8-C0BE9A15880F}
		{78518B13-4B27-4D29-890D-4A981207165E} = {3532D374-B2CA-424D-BE4E-C438367E0596}
		{8EA0AC3E-8199-490B-9F4E-08605C971732} = {3532D374-B2CA-424D-BE4E-C438367E0596}
		{BEF5FBBE-2BCD-41D6-B499-557E9BB0FE85} = {667AFFFE-5669-468D-96AF-15C8160E6834}
	EndGlobalSection
	GlobalSection(ExtensibilityGlobals) = postSolution
		SolutionGuid = {B37F37AA-23A0-464A-85B5-1B1C0B7ADD26}
	EndGlobalSection
EndGlobal
